// !$*UTF8*$!
{
	archiveVersion = 1;
	classes = {
	};
	objectVersion = 56;
	objects = {

/* Begin PBXBuildFile section */
		1704C4092A1766CF00392EE5 /* HomeStatisticView.swift in Sources */ = {isa = PBXBuildFile; fileRef = 1704C4082A1766CF00392EE5 /* HomeStatisticView.swift */; };
		1704C40B2A176F1300392EE5 /* MarketDataModel.swift in Sources */ = {isa = PBXBuildFile; fileRef = 1704C40A2A176F1300392EE5 /* MarketDataModel.swift */; };
		1704C40D2A17717B00392EE5 /* MarketDataService.swift in Sources */ = {isa = PBXBuildFile; fileRef = 1704C40C2A17717B00392EE5 /* MarketDataService.swift */; };
		1725A0B22A13C4CB007755EF /* HomeViewModel.swift in Sources */ = {isa = PBXBuildFile; fileRef = 1725A0B12A13C4CB007755EF /* HomeViewModel.swift */; };
		1725A0B52A13D466007755EF /* CoinDataService.swift in Sources */ = {isa = PBXBuildFile; fileRef = 1725A0B42A13D466007755EF /* CoinDataService.swift */; };
		172675A52A111A7200DF4372 /* CoinBlockApp.swift in Sources */ = {isa = PBXBuildFile; fileRef = 172675A42A111A7200DF4372 /* CoinBlockApp.swift */; };
		172675A72A111A7200DF4372 /* ContentView.swift in Sources */ = {isa = PBXBuildFile; fileRef = 172675A62A111A7200DF4372 /* ContentView.swift */; };
		172675A92A111A7200DF4372 /* Assets.xcassets in Resources */ = {isa = PBXBuildFile; fileRef = 172675A82A111A7200DF4372 /* Assets.xcassets */; };
		172675AC2A111A7200DF4372 /* Preview Assets.xcassets in Resources */ = {isa = PBXBuildFile; fileRef = 172675AB2A111A7200DF4372 /* Preview Assets.xcassets */; };
		1749FDE22A174D6500EA4529 /* StatisticModel.swift in Sources */ = {isa = PBXBuildFile; fileRef = 1749FDE12A174D6500EA4529 /* StatisticModel.swift */; };
		1749FDE42A174F4900EA4529 /* StatisticView.swift in Sources */ = {isa = PBXBuildFile; fileRef = 1749FDE32A174F4900EA4529 /* StatisticView.swift */; };
		176500D62A11297100AD7BE3 /* Color.swift in Sources */ = {isa = PBXBuildFile; fileRef = 176500D52A11297100AD7BE3 /* Color.swift */; };
		176500DC2A112C5E00AD7BE3 /* HomeView.swift in Sources */ = {isa = PBXBuildFile; fileRef = 176500DB2A112C5E00AD7BE3 /* HomeView.swift */; };
		176500E02A112E2900AD7BE3 /* CircleButtonView.swift in Sources */ = {isa = PBXBuildFile; fileRef = 176500DF2A112E2900AD7BE3 /* CircleButtonView.swift */; };
		176500E22A11331700AD7BE3 /* CircleButtonAnimtionView.swift in Sources */ = {isa = PBXBuildFile; fileRef = 176500E12A11331700AD7BE3 /* CircleButtonAnimtionView.swift */; };
		1785ECD52A16B38800C95264 /* SearchBarView.swift in Sources */ = {isa = PBXBuildFile; fileRef = 1785ECD42A16B38800C95264 /* SearchBarView.swift */; };
		1785ECD72A16B9D500C95264 /* UIApplication.swift in Sources */ = {isa = PBXBuildFile; fileRef = 1785ECD62A16B9D500C95264 /* UIApplication.swift */; };
		17B1C64D2A11F6620014B16B /* CoinModel.swift in Sources */ = {isa = PBXBuildFile; fileRef = 17B1C64C2A11F6620014B16B /* CoinModel.swift */; };
		17B1C64F2A11FC190014B16B /* CoinRowView.swift in Sources */ = {isa = PBXBuildFile; fileRef = 17B1C64E2A11FC190014B16B /* CoinRowView.swift */; };
		17B1C6512A11FC8A0014B16B /* PreviewProvider.swift in Sources */ = {isa = PBXBuildFile; fileRef = 17B1C6502A11FC8A0014B16B /* PreviewProvider.swift */; };
		17B1C6532A1201EA0014B16B /* Double.swift in Sources */ = {isa = PBXBuildFile; fileRef = 17B1C6522A1201EA0014B16B /* Double.swift */; };
		17D126BB2A1516D000C85A4E /* NetworkingManger.swift in Sources */ = {isa = PBXBuildFile; fileRef = 17D126BA2A1516D000C85A4E /* NetworkingManger.swift */; };
		17D126BE2A15298200C85A4E /* CoinImageView.swift in Sources */ = {isa = PBXBuildFile; fileRef = 17D126BD2A15298200C85A4E /* CoinImageView.swift */; };
		17D126C02A152C2400C85A4E /* CoinImageService.swift in Sources */ = {isa = PBXBuildFile; fileRef = 17D126BF2A152C2400C85A4E /* CoinImageService.swift */; };
		17D126C22A152E0B00C85A4E /* CoinImageViewModel.swift in Sources */ = {isa = PBXBuildFile; fileRef = 17D126C12A152E0B00C85A4E /* CoinImageViewModel.swift */; };
		17EAB0F32A162497004B6561 /* LocalFileManager.swift in Sources */ = {isa = PBXBuildFile; fileRef = 17EAB0F22A162497004B6561 /* LocalFileManager.swift */; };
/* End PBXBuildFile section */

/* Begin PBXFileReference section */
		1704C4082A1766CF00392EE5 /* HomeStatisticView.swift */ = {isa = PBXFileReference; lastKnownFileType = sourcecode.swift; path = HomeStatisticView.swift; sourceTree = "<group>"; };
		1704C40A2A176F1300392EE5 /* MarketDataModel.swift */ = {isa = PBXFileReference; lastKnownFileType = sourcecode.swift; path = MarketDataModel.swift; sourceTree = "<group>"; };
		1704C40C2A17717B00392EE5 /* MarketDataService.swift */ = {isa = PBXFileReference; lastKnownFileType = sourcecode.swift; path = MarketDataService.swift; sourceTree = "<group>"; };
		1725A0B12A13C4CB007755EF /* HomeViewModel.swift */ = {isa = PBXFileReference; lastKnownFileType = sourcecode.swift; path = HomeViewModel.swift; sourceTree = "<group>"; };
		1725A0B42A13D466007755EF /* CoinDataService.swift */ = {isa = PBXFileReference; lastKnownFileType = sourcecode.swift; path = CoinDataService.swift; sourceTree = "<group>"; };
		172675A12A111A7200DF4372 /* CoinBlock.app */ = {isa = PBXFileReference; explicitFileType = wrapper.application; includeInIndex = 0; path = CoinBlock.app; sourceTree = BUILT_PRODUCTS_DIR; };
		172675A42A111A7200DF4372 /* CoinBlockApp.swift */ = {isa = PBXFileReference; lastKnownFileType = sourcecode.swift; path = CoinBlockApp.swift; sourceTree = "<group>"; };
		172675A62A111A7200DF4372 /* ContentView.swift */ = {isa = PBXFileReference; lastKnownFileType = sourcecode.swift; path = ContentView.swift; sourceTree = "<group>"; };
		172675A82A111A7200DF4372 /* Assets.xcassets */ = {isa = PBXFileReference; lastKnownFileType = folder.assetcatalog; path = Assets.xcassets; sourceTree = "<group>"; };
		172675AB2A111A7200DF4372 /* Preview Assets.xcassets */ = {isa = PBXFileReference; lastKnownFileType = folder.assetcatalog; path = "Preview Assets.xcassets"; sourceTree = "<group>"; };
		1749FDE12A174D6500EA4529 /* StatisticModel.swift */ = {isa = PBXFileReference; lastKnownFileType = sourcecode.swift; path = StatisticModel.swift; sourceTree = "<group>"; };
		1749FDE32A174F4900EA4529 /* StatisticView.swift */ = {isa = PBXFileReference; lastKnownFileType = sourcecode.swift; path = StatisticView.swift; sourceTree = "<group>"; usesTabs = 0; };
		176500D52A11297100AD7BE3 /* Color.swift */ = {isa = PBXFileReference; lastKnownFileType = sourcecode.swift; path = Color.swift; sourceTree = "<group>"; };
		176500DB2A112C5E00AD7BE3 /* HomeView.swift */ = {isa = PBXFileReference; lastKnownFileType = sourcecode.swift; path = HomeView.swift; sourceTree = "<group>"; };
		176500DF2A112E2900AD7BE3 /* CircleButtonView.swift */ = {isa = PBXFileReference; lastKnownFileType = sourcecode.swift; path = CircleButtonView.swift; sourceTree = "<group>"; };
		176500E12A11331700AD7BE3 /* CircleButtonAnimtionView.swift */ = {isa = PBXFileReference; lastKnownFileType = sourcecode.swift; path = CircleButtonAnimtionView.swift; sourceTree = "<group>"; };
		1785ECD42A16B38800C95264 /* SearchBarView.swift */ = {isa = PBXFileReference; lastKnownFileType = sourcecode.swift; path = SearchBarView.swift; sourceTree = "<group>"; };
		1785ECD62A16B9D500C95264 /* UIApplication.swift */ = {isa = PBXFileReference; lastKnownFileType = sourcecode.swift; path = UIApplication.swift; sourceTree = "<group>"; };
		17B1C64C2A11F6620014B16B /* CoinModel.swift */ = {isa = PBXFileReference; lastKnownFileType = sourcecode.swift; path = CoinModel.swift; sourceTree = "<group>"; };
		17B1C64E2A11FC190014B16B /* CoinRowView.swift */ = {isa = PBXFileReference; lastKnownFileType = sourcecode.swift; path = CoinRowView.swift; sourceTree = "<group>"; };
		17B1C6502A11FC8A0014B16B /* PreviewProvider.swift */ = {isa = PBXFileReference; lastKnownFileType = sourcecode.swift; path = PreviewProvider.swift; sourceTree = "<group>"; };
		17B1C6522A1201EA0014B16B /* Double.swift */ = {isa = PBXFileReference; lastKnownFileType = sourcecode.swift; path = Double.swift; sourceTree = "<group>"; };
		17D126BA2A1516D000C85A4E /* NetworkingManger.swift */ = {isa = PBXFileReference; lastKnownFileType = sourcecode.swift; path = NetworkingManger.swift; sourceTree = "<group>"; };
		17D126BD2A15298200C85A4E /* CoinImageView.swift */ = {isa = PBXFileReference; lastKnownFileType = sourcecode.swift; path = CoinImageView.swift; sourceTree = "<group>"; };
		17D126BF2A152C2400C85A4E /* CoinImageService.swift */ = {isa = PBXFileReference; lastKnownFileType = sourcecode.swift; path = CoinImageService.swift; sourceTree = "<group>"; };
		17D126C12A152E0B00C85A4E /* CoinImageViewModel.swift */ = {isa = PBXFileReference; lastKnownFileType = sourcecode.swift; path = CoinImageViewModel.swift; sourceTree = "<group>"; };
		17EAB0F22A162497004B6561 /* LocalFileManager.swift */ = {isa = PBXFileReference; lastKnownFileType = sourcecode.swift; path = LocalFileManager.swift; sourceTree = "<group>"; };
/* End PBXFileReference section */

/* Begin PBXFrameworksBuildPhase section */
		1726759E2A111A7200DF4372 /* Frameworks */ = {
			isa = PBXFrameworksBuildPhase;
			buildActionMask = 2147483647;
			files = (
			);
			runOnlyForDeploymentPostprocessing = 0;
		};
/* End PBXFrameworksBuildPhase section */

/* Begin PBXGroup section */
		1725A0B32A13D424007755EF /* Services */ = {
			isa = PBXGroup;
			children = (
				1725A0B42A13D466007755EF /* CoinDataService.swift */,
				17D126BF2A152C2400C85A4E /* CoinImageService.swift */,
				1704C40C2A17717B00392EE5 /* MarketDataService.swift */,
			);
			path = Services;
			sourceTree = "<group>";
		};
		172675982A111A7200DF4372 = {
			isa = PBXGroup;
			children = (
				172675A32A111A7200DF4372 /* CoinBlock */,
				172675A22A111A7200DF4372 /* Products */,
			);
			sourceTree = "<group>";
		};
		172675A22A111A7200DF4372 /* Products */ = {
			isa = PBXGroup;
			children = (
				172675A12A111A7200DF4372 /* CoinBlock.app */,
			);
			name = Products;
			sourceTree = "<group>";
		};
		172675A32A111A7200DF4372 /* CoinBlock */ = {
			isa = PBXGroup;
			children = (
				172675A42A111A7200DF4372 /* CoinBlockApp.swift */,
				17D126B72A15163E00C85A4E /* utilities */,
				1725A0B32A13D424007755EF /* Services */,
				17B1C64B2A11F6350014B16B /* Models */,
				176500D22A11292800AD7BE3 /* Extastions */,
				176500D72A112C0600AD7BE3 /* Core */,
				172675A62A111A7200DF4372 /* ContentView.swift */,
				172675A82A111A7200DF4372 /* Assets.xcassets */,
				172675AA2A111A7200DF4372 /* Preview Content */,
			);
			path = CoinBlock;
			sourceTree = "<group>";
		};
		172675AA2A111A7200DF4372 /* Preview Content */ = {
			isa = PBXGroup;
			children = (
				172675AB2A111A7200DF4372 /* Preview Assets.xcassets */,
			);
			path = "Preview Content";
			sourceTree = "<group>";
		};
		176500D22A11292800AD7BE3 /* Extastions */ = {
			isa = PBXGroup;
			children = (
				176500D52A11297100AD7BE3 /* Color.swift */,
				17B1C6502A11FC8A0014B16B /* PreviewProvider.swift */,
				17B1C6522A1201EA0014B16B /* Double.swift */,
				1785ECD62A16B9D500C95264 /* UIApplication.swift */,
			);
			path = Extastions;
			sourceTree = "<group>";
		};
		176500D72A112C0600AD7BE3 /* Core */ = {
			isa = PBXGroup;
			children = (
				176500DD2A112DB300AD7BE3 /* Components */,
				176500D82A112C1600AD7BE3 /* Home */,
			);
			path = Core;
			sourceTree = "<group>";
		};
		176500D82A112C1600AD7BE3 /* Home */ = {
			isa = PBXGroup;
			children = (
				176500DA2A112C3B00AD7BE3 /* ViewModels */,
				176500D92A112C2400AD7BE3 /* Views */,
			);
			path = Home;
			sourceTree = "<group>";
		};
		176500D92A112C2400AD7BE3 /* Views */ = {
			isa = PBXGroup;
			children = (
				176500DB2A112C5E00AD7BE3 /* HomeView.swift */,
				1704C4082A1766CF00392EE5 /* HomeStatisticView.swift */,
				17B1C64E2A11FC190014B16B /* CoinRowView.swift */,
			);
			path = Views;
			sourceTree = "<group>";
		};
		176500DA2A112C3B00AD7BE3 /* ViewModels */ = {
			isa = PBXGroup;
			children = (
				1725A0B12A13C4CB007755EF /* HomeViewModel.swift */,
			);
			path = ViewModels;
			sourceTree = "<group>";
		};
		176500DD2A112DB300AD7BE3 /* Components */ = {
			isa = PBXGroup;
			children = (
				17D126BC2A15295800C85A4E /* CoinImage */,
				176500DE2A112E0000AD7BE3 /* CircleButton */,
				1785ECD42A16B38800C95264 /* SearchBarView.swift */,
				1749FDE32A174F4900EA4529 /* StatisticView.swift */,
			);
			path = Components;
			sourceTree = "<group>";
		};
		176500DE2A112E0000AD7BE3 /* CircleButton */ = {
			isa = PBXGroup;
			children = (
				176500DF2A112E2900AD7BE3 /* CircleButtonView.swift */,
				176500E12A11331700AD7BE3 /* CircleButtonAnimtionView.swift */,
			);
			path = CircleButton;
			sourceTree = "<group>";
		};
		17B1C64B2A11F6350014B16B /* Models */ = {
			isa = PBXGroup;
			children = (
				17B1C64C2A11F6620014B16B /* CoinModel.swift */,
				1749FDE12A174D6500EA4529 /* StatisticModel.swift */,
				1704C40A2A176F1300392EE5 /* MarketDataModel.swift */,
			);
			path = Models;
			sourceTree = "<group>";
		};
		17D126B72A15163E00C85A4E /* utilities */ = {
			isa = PBXGroup;
			children = (
				17D126BA2A1516D000C85A4E /* NetworkingManger.swift */,
				17EAB0F22A162497004B6561 /* LocalFileManager.swift */,
			);
			path = utilities;
			sourceTree = "<group>";
		};
		17D126BC2A15295800C85A4E /* CoinImage */ = {
			isa = PBXGroup;
			children = (
				17D126BD2A15298200C85A4E /* CoinImageView.swift */,
				17D126C12A152E0B00C85A4E /* CoinImageViewModel.swift */,
			);
			path = CoinImage;
			sourceTree = "<group>";
		};
/* End PBXGroup section */

/* Begin PBXNativeTarget section */
		172675A02A111A7200DF4372 /* CoinBlock */ = {
			isa = PBXNativeTarget;
			buildConfigurationList = 172675AF2A111A7200DF4372 /* Build configuration list for PBXNativeTarget "CoinBlock" */;
			buildPhases = (
				1726759D2A111A7200DF4372 /* Sources */,
				1726759E2A111A7200DF4372 /* Frameworks */,
				1726759F2A111A7200DF4372 /* Resources */,
			);
			buildRules = (
			);
			dependencies = (
			);
			name = CoinBlock;
			productName = CoinBlock;
			productReference = 172675A12A111A7200DF4372 /* CoinBlock.app */;
			productType = "com.apple.product-type.application";
		};
/* End PBXNativeTarget section */

/* Begin PBXProject section */
		172675992A111A7200DF4372 /* Project object */ = {
			isa = PBXProject;
			attributes = {
				BuildIndependentTargetsInParallel = 1;
				LastSwiftUpdateCheck = 1430;
				LastUpgradeCheck = 1430;
				TargetAttributes = {
					172675A02A111A7200DF4372 = {
						CreatedOnToolsVersion = 14.3;
					};
				};
			};
			buildConfigurationList = 1726759C2A111A7200DF4372 /* Build configuration list for PBXProject "CoinBlock" */;
			compatibilityVersion = "Xcode 14.0";
			developmentRegion = en;
			hasScannedForEncodings = 0;
			knownRegions = (
				en,
				Base,
			);
			mainGroup = 172675982A111A7200DF4372;
			productRefGroup = 172675A22A111A7200DF4372 /* Products */;
			projectDirPath = "";
			projectRoot = "";
			targets = (
				172675A02A111A7200DF4372 /* CoinBlock */,
			);
		};
/* End PBXProject section */

/* Begin PBXResourcesBuildPhase section */
		1726759F2A111A7200DF4372 /* Resources */ = {
			isa = PBXResourcesBuildPhase;
			buildActionMask = 2147483647;
			files = (
				172675AC2A111A7200DF4372 /* Preview Assets.xcassets in Resources */,
				172675A92A111A7200DF4372 /* Assets.xcassets in Resources */,
			);
			runOnlyForDeploymentPostprocessing = 0;
		};
/* End PBXResourcesBuildPhase section */

/* Begin PBXSourcesBuildPhase section */
		1726759D2A111A7200DF4372 /* Sources */ = {
			isa = PBXSourcesBuildPhase;
			buildActionMask = 2147483647;
			files = (
				17B1C64F2A11FC190014B16B /* CoinRowView.swift in Sources */,
				1725A0B22A13C4CB007755EF /* HomeViewModel.swift in Sources */,
				176500E02A112E2900AD7BE3 /* CircleButtonView.swift in Sources */,
				176500E22A11331700AD7BE3 /* CircleButtonAnimtionView.swift in Sources */,
				1785ECD52A16B38800C95264 /* SearchBarView.swift in Sources */,
				17EAB0F32A162497004B6561 /* LocalFileManager.swift in Sources */,
				1704C4092A1766CF00392EE5 /* HomeStatisticView.swift in Sources */,
				1704C40D2A17717B00392EE5 /* MarketDataService.swift in Sources */,
				172675A72A111A7200DF4372 /* ContentView.swift in Sources */,
				1704C40B2A176F1300392EE5 /* MarketDataModel.swift in Sources */,
				1749FDE42A174F4900EA4529 /* StatisticView.swift in Sources */,
				17D126BE2A15298200C85A4E /* CoinImageView.swift in Sources */,
				1749FDE22A174D6500EA4529 /* StatisticModel.swift in Sources */,
				1785ECD72A16B9D500C95264 /* UIApplication.swift in Sources */,
				1725A0B52A13D466007755EF /* CoinDataService.swift in Sources */,
				17D126BB2A1516D000C85A4E /* NetworkingManger.swift in Sources */,
				176500DC2A112C5E00AD7BE3 /* HomeView.swift in Sources */,
				172675A52A111A7200DF4372 /* CoinBlockApp.swift in Sources */,
				176500D62A11297100AD7BE3 /* Color.swift in Sources */,
				17D126C22A152E0B00C85A4E /* CoinImageViewModel.swift in Sources */,
				17B1C6512A11FC8A0014B16B /* PreviewProvider.swift in Sources */,
				17B1C6532A1201EA0014B16B /* Double.swift in Sources */,
				17D126C02A152C2400C85A4E /* CoinImageService.swift in Sources */,
				17B1C64D2A11F6620014B16B /* CoinModel.swift in Sources */,
			);
			runOnlyForDeploymentPostprocessing = 0;
		};
/* End PBXSourcesBuildPhase section */

/* Begin XCBuildConfiguration section */
		172675AD2A111A7200DF4372 /* Debug */ = {
			isa = XCBuildConfiguration;
			buildSettings = {
				ALWAYS_SEARCH_USER_PATHS = NO;
				CLANG_ANALYZER_NONNULL = YES;
				CLANG_ANALYZER_NUMBER_OBJECT_CONVERSION = YES_AGGRESSIVE;
				CLANG_CXX_LANGUAGE_STANDARD = "gnu++20";
				CLANG_ENABLE_MODULES = YES;
				CLANG_ENABLE_OBJC_ARC = YES;
				CLANG_ENABLE_OBJC_WEAK = YES;
				CLANG_WARN_BLOCK_CAPTURE_AUTORELEASING = YES;
				CLANG_WARN_BOOL_CONVERSION = YES;
				CLANG_WARN_COMMA = YES;
				CLANG_WARN_CONSTANT_CONVERSION = YES;
				CLANG_WARN_DEPRECATED_OBJC_IMPLEMENTATIONS = YES;
				CLANG_WARN_DIRECT_OBJC_ISA_USAGE = YES_ERROR;
				CLANG_WARN_DOCUMENTATION_COMMENTS = YES;
				CLANG_WARN_EMPTY_BODY = YES;
				CLANG_WARN_ENUM_CONVERSION = YES;
				CLANG_WARN_INFINITE_RECURSION = YES;
				CLANG_WARN_INT_CONVERSION = YES;
				CLANG_WARN_NON_LITERAL_NULL_CONVERSION = YES;
				CLANG_WARN_OBJC_IMPLICIT_RETAIN_SELF = YES;
				CLANG_WARN_OBJC_LITERAL_CONVERSION = YES;
				CLANG_WARN_OBJC_ROOT_CLASS = YES_ERROR;
				CLANG_WARN_QUOTED_INCLUDE_IN_FRAMEWORK_HEADER = YES;
				CLANG_WARN_RANGE_LOOP_ANALYSIS = YES;
				CLANG_WARN_STRICT_PROTOTYPES = YES;
				CLANG_WARN_SUSPICIOUS_MOVE = YES;
				CLANG_WARN_UNGUARDED_AVAILABILITY = YES_AGGRESSIVE;
				CLANG_WARN_UNREACHABLE_CODE = YES;
				CLANG_WARN__DUPLICATE_METHOD_MATCH = YES;
				COPY_PHASE_STRIP = NO;
				DEBUG_INFORMATION_FORMAT = dwarf;
				ENABLE_STRICT_OBJC_MSGSEND = YES;
				ENABLE_TESTABILITY = YES;
				GCC_C_LANGUAGE_STANDARD = gnu11;
				GCC_DYNAMIC_NO_PIC = NO;
				GCC_NO_COMMON_BLOCKS = YES;
				GCC_OPTIMIZATION_LEVEL = 0;
				GCC_PREPROCESSOR_DEFINITIONS = (
					"DEBUG=1",
					"$(inherited)",
				);
				GCC_WARN_64_TO_32_BIT_CONVERSION = YES;
				GCC_WARN_ABOUT_RETURN_TYPE = YES_ERROR;
				GCC_WARN_UNDECLARED_SELECTOR = YES;
				GCC_WARN_UNINITIALIZED_AUTOS = YES_AGGRESSIVE;
				GCC_WARN_UNUSED_FUNCTION = YES;
				GCC_WARN_UNUSED_VARIABLE = YES;
				IPHONEOS_DEPLOYMENT_TARGET = 16.4;
				MTL_ENABLE_DEBUG_INFO = INCLUDE_SOURCE;
				MTL_FAST_MATH = YES;
				ONLY_ACTIVE_ARCH = YES;
				SDKROOT = iphoneos;
				SWIFT_ACTIVE_COMPILATION_CONDITIONS = DEBUG;
				SWIFT_OPTIMIZATION_LEVEL = "-Onone";
			};
			name = Debug;
		};
		172675AE2A111A7200DF4372 /* Release */ = {
			isa = XCBuildConfiguration;
			buildSettings = {
				ALWAYS_SEARCH_USER_PATHS = NO;
				CLANG_ANALYZER_NONNULL = YES;
				CLANG_ANALYZER_NUMBER_OBJECT_CONVERSION = YES_AGGRESSIVE;
				CLANG_CXX_LANGUAGE_STANDARD = "gnu++20";
				CLANG_ENABLE_MODULES = YES;
				CLANG_ENABLE_OBJC_ARC = YES;
				CLANG_ENABLE_OBJC_WEAK = YES;
				CLANG_WARN_BLOCK_CAPTURE_AUTORELEASING = YES;
				CLANG_WARN_BOOL_CONVERSION = YES;
				CLANG_WARN_COMMA = YES;
				CLANG_WARN_CONSTANT_CONVERSION = YES;
				CLANG_WARN_DEPRECATED_OBJC_IMPLEMENTATIONS = YES;
				CLANG_WARN_DIRECT_OBJC_ISA_USAGE = YES_ERROR;
				CLANG_WARN_DOCUMENTATION_COMMENTS = YES;
				CLANG_WARN_EMPTY_BODY = YES;
				CLANG_WARN_ENUM_CONVERSION = YES;
				CLANG_WARN_INFINITE_RECURSION = YES;
				CLANG_WARN_INT_CONVERSION = YES;
				CLANG_WARN_NON_LITERAL_NULL_CONVERSION = YES;
				CLANG_WARN_OBJC_IMPLICIT_RETAIN_SELF = YES;
				CLANG_WARN_OBJC_LITERAL_CONVERSION = YES;
				CLANG_WARN_OBJC_ROOT_CLASS = YES_ERROR;
				CLANG_WARN_QUOTED_INCLUDE_IN_FRAMEWORK_HEADER = YES;
				CLANG_WARN_RANGE_LOOP_ANALYSIS = YES;
				CLANG_WARN_STRICT_PROTOTYPES = YES;
				CLANG_WARN_SUSPICIOUS_MOVE = YES;
				CLANG_WARN_UNGUARDED_AVAILABILITY = YES_AGGRESSIVE;
				CLANG_WARN_UNREACHABLE_CODE = YES;
				CLANG_WARN__DUPLICATE_METHOD_MATCH = YES;
				COPY_PHASE_STRIP = NO;
				DEBUG_INFORMATION_FORMAT = "dwarf-with-dsym";
				ENABLE_NS_ASSERTIONS = NO;
				ENABLE_STRICT_OBJC_MSGSEND = YES;
				GCC_C_LANGUAGE_STANDARD = gnu11;
				GCC_NO_COMMON_BLOCKS = YES;
				GCC_WARN_64_TO_32_BIT_CONVERSION = YES;
				GCC_WARN_ABOUT_RETURN_TYPE = YES_ERROR;
				GCC_WARN_UNDECLARED_SELECTOR = YES;
				GCC_WARN_UNINITIALIZED_AUTOS = YES_AGGRESSIVE;
				GCC_WARN_UNUSED_FUNCTION = YES;
				GCC_WARN_UNUSED_VARIABLE = YES;
				IPHONEOS_DEPLOYMENT_TARGET = 16.4;
				MTL_ENABLE_DEBUG_INFO = NO;
				MTL_FAST_MATH = YES;
				SDKROOT = iphoneos;
				SWIFT_COMPILATION_MODE = wholemodule;
				SWIFT_OPTIMIZATION_LEVEL = "-O";
				VALIDATE_PRODUCT = YES;
			};
			name = Release;
		};
		172675B02A111A7200DF4372 /* Debug */ = {
			isa = XCBuildConfiguration;
			buildSettings = {
				ASSETCATALOG_COMPILER_APPICON_NAME = AppIcon;
				ASSETCATALOG_COMPILER_GLOBAL_ACCENT_COLOR_NAME = AccentColor;
				CODE_SIGN_STYLE = Automatic;
				CURRENT_PROJECT_VERSION = 1;
				DEVELOPMENT_ASSET_PATHS = "\"CoinBlock/Preview Content\"";
				DEVELOPMENT_TEAM = JH7VUP2CH4;
				ENABLE_PREVIEWS = YES;
				GENERATE_INFOPLIST_FILE = YES;
				INFOPLIST_KEY_CFBundleDisplayName = CoinBlock;
				INFOPLIST_KEY_UIApplicationSceneManifest_Generation = YES;
				INFOPLIST_KEY_UIApplicationSupportsIndirectInputEvents = YES;
				INFOPLIST_KEY_UILaunchScreen_Generation = YES;
				INFOPLIST_KEY_UISupportedInterfaceOrientations = UIInterfaceOrientationPortrait;
				INFOPLIST_KEY_UISupportedInterfaceOrientations_iPad = "UIInterfaceOrientationLandscapeLeft UIInterfaceOrientationLandscapeRight UIInterfaceOrientationPortrait UIInterfaceOrientationPortraitUpsideDown";
				IPHONEOS_DEPLOYMENT_TARGET = 15.1;
				LD_RUNPATH_SEARCH_PATHS = (
					"$(inherited)",
					"@executable_path/Frameworks",
				);
				MARKETING_VERSION = 1.0;
				PRODUCT_BUNDLE_IDENTIFIER = com.Oran.CoinBlock;
				PRODUCT_NAME = "$(TARGET_NAME)";
				SWIFT_EMIT_LOC_STRINGS = YES;
				SWIFT_VERSION = 5.0;
				TARGETED_DEVICE_FAMILY = "1,2";
			};
			name = Debug;
		};
		172675B12A111A7200DF4372 /* Release */ = {
			isa = XCBuildConfiguration;
			buildSettings = {
				ASSETCATALOG_COMPILER_APPICON_NAME = AppIcon;
				ASSETCATALOG_COMPILER_GLOBAL_ACCENT_COLOR_NAME = AccentColor;
				CODE_SIGN_STYLE = Automatic;
				CURRENT_PROJECT_VERSION = 1;
				DEVELOPMENT_ASSET_PATHS = "\"CoinBlock/Preview Content\"";
				DEVELOPMENT_TEAM = JH7VUP2CH4;
				ENABLE_PREVIEWS = YES;
				GENERATE_INFOPLIST_FILE = YES;
				INFOPLIST_KEY_CFBundleDisplayName = CoinBlock;
				INFOPLIST_KEY_UIApplicationSceneManifest_Generation = YES;
				INFOPLIST_KEY_UIApplicationSupportsIndirectInputEvents = YES;
				INFOPLIST_KEY_UILaunchScreen_Generation = YES;
				INFOPLIST_KEY_UISupportedInterfaceOrientations = UIInterfaceOrientationPortrait;
				INFOPLIST_KEY_UISupportedInterfaceOrientations_iPad = "UIInterfaceOrientationLandscapeLeft UIInterfaceOrientationLandscapeRight UIInterfaceOrientationPortrait UIInterfaceOrientationPortraitUpsideDown";
				IPHONEOS_DEPLOYMENT_TARGET = 15.1;
				LD_RUNPATH_SEARCH_PATHS = (
					"$(inherited)",
					"@executable_path/Frameworks",
				);
				MARKETING_VERSION = 1.0;
				PRODUCT_BUNDLE_IDENTIFIER = com.Oran.CoinBlock;
				PRODUCT_NAME = "$(TARGET_NAME)";
				SWIFT_EMIT_LOC_STRINGS = YES;
				SWIFT_VERSION = 5.0;
				TARGETED_DEVICE_FAMILY = "1,2";
			};
			name = Release;
		};
/* End XCBuildConfiguration section */

/* Begin XCConfigurationList section */
		1726759C2A111A7200DF4372 /* Build configuration list for PBXProject "CoinBlock" */ = {
			isa = XCConfigurationList;
			buildConfigurations = (
				172675AD2A111A7200DF4372 /* Debug */,
				172675AE2A111A7200DF4372 /* Release */,
			);
			defaultConfigurationIsVisible = 0;
			defaultConfigurationName = Release;
		};
		172675AF2A111A7200DF4372 /* Build configuration list for PBXNativeTarget "CoinBlock" */ = {
			isa = XCConfigurationList;
			buildConfigurations = (
				172675B02A111A7200DF4372 /* Debug */,
				172675B12A111A7200DF4372 /* Release */,
			);
			defaultConfigurationIsVisible = 0;
			defaultConfigurationName = Release;
		};
/* End XCConfigurationList section */
	};
	rootObject = 172675992A111A7200DF4372 /* Project object */;
}
